
Microsoft Visual Studio Solution File, Format Version 12.00
# Visual Studio Version 17
VisualStudioVersion = 17.8.34316.72
MinimumVisualStudioVersion = 10.0.40219.1
Project("{9A19103F-16F7-4668-BE54-9A1E7A4F7556}") = "PrimeNumbers", "FirstNumbers\PrimeNumbers.csproj", "{2FCDFCC6-2866-4A60-A503-E6A2DB9B354D}"
EndProject
Global
	GlobalSection(SolutionConfigurationPlatforms) = preSolution
		Debug|Any CPU = Debug|Any CPU
		Release|Any CPU = Release|Any CPU
	EndGlobalSection
	GlobalSection(ProjectConfigurationPlatforms) = postSolution
		{2FCDFCC6-2866-4A60-A503-E6A2DB9B354D}.Debug|Any CPU.ActiveCfg = Debug|Any CPU
		{2FCDFCC6-2866-4A60-A503-E6A2DB9B354D}.Debug|Any CPU.Build.0 = Debug|Any CPU
		{2FCDFCC6-2866-4A60-A503-E6A2DB9B354D}.Release|Any CPU.ActiveCfg = Release|Any CPU
		{2FCDFCC6-2866-4A60-A503-E6A2DB9B354D}.Release|Any CPU.Build.0 = Release|Any CPU
	EndGlobalSection
	GlobalSection(SolutionProperties) = preSolution
		HideSolutionNode = FALSE
	EndGlobalSection
	GlobalSection(ExtensibilityGlobals) = postSolution
		SolutionGuid = {1366EA0B-7113-4A86-910E-7923A65C2005}
	EndGlobalSection
EndGlobal
